
Microsoft Visual Studio Solution File, Format Version 12.00
# Visual Studio Version 16
VisualStudioVersion = 16.0.30804.86
MinimumVisualStudioVersion = 10.0.40219.1
Project("{9A19103F-16F7-4668-BE54-9A1E7A4F7556}") = "TodoList", "TodoList\TodoList.csproj", "{452F3D0B-C15D-4251-B6BF-4E95BF317454}"
	ProjectSection(ProjectDependencies) = postProject
		{BCAAC25D-43FE-45BF-8068-6AE2AB94320B} = {BCAAC25D-43FE-45BF-8068-6AE2AB94320B}
	EndProjectSection
EndProject
Project("{FAE04EC0-301F-11D3-BF4B-00C04F79EFBC}") = "TodoListTypes", "TodoListTypes\TodoListTypes.csproj", "{BCAAC25D-43FE-45BF-8068-6AE2AB94320B}"
EndProject
Global
	GlobalSection(SolutionConfigurationPlatforms) = preSolution
		Debug|Any CPU = Debug|Any CPU
		Release|Any CPU = Release|Any CPU
	EndGlobalSection
	GlobalSection(ProjectConfigurationPlatforms) = postSolution
		{452F3D0B-C15D-4251-B6BF-4E95BF317454}.Debug|Any CPU.ActiveCfg = Debug|Any CPU
		{452F3D0B-C15D-4251-B6BF-4E95BF317454}.Debug|Any CPU.Build.0 = Debug|Any CPU
		{452F3D0B-C15D-4251-B6BF-4E95BF317454}.Release|Any CPU.ActiveCfg = Release|Any CPU
		{452F3D0B-C15D-4251-B6BF-4E95BF317454}.Release|Any CPU.Build.0 = Release|Any CPU
		{BCAAC25D-43FE-45BF-8068-6AE2AB94320B}.Debug|Any CPU.ActiveCfg = Debug|Any CPU
		{BCAAC25D-43FE-45BF-8068-6AE2AB94320B}.Debug|Any CPU.Build.0 = Debug|Any CPU
		{BCAAC25D-43FE-45BF-8068-6AE2AB94320B}.Release|Any CPU.ActiveCfg = Release|Any CPU
		{BCAAC25D-43FE-45BF-8068-6AE2AB94320B}.Release|Any CPU.Build.0 = Release|Any CPU
	EndGlobalSection
	GlobalSection(SolutionProperties) = preSolution
		HideSolutionNode = FALSE
	EndGlobalSection
	GlobalSection(ExtensibilityGlobals) = postSolution
		SolutionGuid = {0BFD19AA-565C-4796-80E6-147E45B9F140}
	EndGlobalSection
EndGlobal
