
Microsoft Visual Studio Solution File, Format Version 12.00
# Visual Studio Version 16
VisualStudioVersion = 16.0.30804.86
MinimumVisualStudioVersion = 10.0.40219.1
Project("{FAE04EC0-301F-11D3-BF4B-00C04F79EFBC}") = "StorageClassifier", "StorageClassifier\StorageClassifier.csproj", "{9F508EB6-1E88-425A-93C0-0BE2CAA50049}"
EndProject
Global
	GlobalSection(SolutionConfigurationPlatforms) = preSolution
		Debug|Any CPU = Debug|Any CPU
		Release|Any CPU = Release|Any CPU
	EndGlobalSection
	GlobalSection(ProjectConfigurationPlatforms) = postSolution
		{9F508EB6-1E88-425A-93C0-0BE2CAA50049}.Debug|Any CPU.ActiveCfg = Debug|Any CPU
		{9F508EB6-1E88-425A-93C0-0BE2CAA50049}.Debug|Any CPU.Build.0 = Debug|Any CPU
		{9F508EB6-1E88-425A-93C0-0BE2CAA50049}.Release|Any CPU.ActiveCfg = Release|Any CPU
		{9F508EB6-1E88-425A-93C0-0BE2CAA50049}.Release|Any CPU.Build.0 = Release|Any CPU
	EndGlobalSection
	GlobalSection(SolutionProperties) = preSolution
		HideSolutionNode = FALSE
	EndGlobalSection
	GlobalSection(ExtensibilityGlobals) = postSolution
		SolutionGuid = {58F6BC9F-CF17-431F-A5FF-8FD2E7A0ABCC}
	EndGlobalSection
EndGlobal
